lockfileVersion: "6.1"

settings:
  autoInstallPeers: true
  excludeLinksFromLockfile: false

dependencies:
  "@graphql-yoga/node":
    specifier: ^3.9.1
    version: 3.9.1(graphql@16.6.0)
  "@pothos/core":
    specifier: ^3.30.0
    version: 3.30.0(graphql@16.6.0)
  "@pothos/plugin-prisma":
    specifier: ^3.52.0
    version: 3.52.0(@pothos/core@3.30.0)(@prisma/client@4.15.0)(graphql@16.6.0)(typescript@5.1.3)
  "@prisma/client":
    specifier: 4.15.0
    version: 4.15.0(prisma@4.15.0)
  graphql:
    specifier: ^16.6.0
    version: 16.6.0
  graphql-scalars:
    specifier: ^1.22.2
    version: 1.22.2(graphql@16.6.0)
  graphql-yoga:
    specifier: ^4.0.0
    version: 4.0.0(graphql@16.6.0)

devDependencies:
  "@tsconfig/esm":
    specifier: ^1.0.3
    version: 1.0.3
  "@tsconfig/node-lts":
    specifier: ^18.12.2
    version: 18.12.2
  "@tsconfig/strictest":
    specifier: ^2.0.1
    version: 2.0.1
  "@types/node":
    specifier: ^20.3.0
    version: 20.3.0
  prisma:
    specifier: ^4.15.0
    version: 4.15.0
  tsc-watch:
    specifier: ^6.0.4
    version: 6.0.4(typescript@5.1.3)
  typescript:
    specifier: ^5.1.3
    version: 5.1.3

packages:
  /@envelop/core@3.0.6:
    resolution:
      {
        integrity: sha512-06t1xCPXq6QFN7W1JUEf68aCwYN0OUDNAIoJe7bAqhaoa2vn7NCcuX1VHkJ/OWpmElUgCsRO6RiBbIru1in0Ig==,
      }
    dependencies:
      "@envelop/types": 3.0.2
      tslib: 2.5.3
    dev: false

  /@envelop/core@4.0.0:
    resolution:
      {
        integrity: sha512-6usEZO86hWT0ZajAbhOX0QXlV++lrlEmu8br6KQVvyXOxttiHADIibgfzb3GtSI7RnnJDnrcRb7Jynv6Lca3iQ==,
      }
    engines: { node: ">=16.0.0" }
    dependencies:
      "@envelop/types": 4.0.0
      tslib: 2.5.3
    dev: false

  /@envelop/types@3.0.2:
    resolution:
      {
        integrity: sha512-pOFea9ha0EkURWxJ/35axoH9fDGP5S2cUu/5Mmo9pb8zUf+TaEot8vB670XXihFEn/92759BMjLJNWBKmNhyng==,
      }
    dependencies:
      tslib: 2.5.3
    dev: false

  /@envelop/types@4.0.0:
    resolution:
      {
        integrity: sha512-dmBK16VVfKCkqYYemvE+gt1cPBP0d9CbYO4yjNhSSYy9K+w6+Lw48wOLK238mSR339PNAvwj/JW/qzNy2llggA==,
      }
    engines: { node: ">=16.0.0" }
    dependencies:
      tslib: 2.5.3
    dev: false

  /@envelop/validation-cache@5.1.3(@envelop/core@3.0.6)(graphql@16.6.0):
    resolution:
      {
        integrity: sha512-MkzcScQHJJQ/9YCAPdWShEi3xZv4F4neTs+NszzSrZOdlU8z/THuRt7gZ0sO0y2be+sx+SKjHQP8Gq3VXXcTTg==,
      }
    peerDependencies:
      "@envelop/core": ^3.0.6
      graphql: ^14.0.0 || ^15.0.0 || ^16.0.0
    dependencies:
      "@envelop/core": 3.0.6
      graphql: 16.6.0
      hash-it: 6.0.0
      lru-cache: 6.0.0
      tslib: 2.5.3
    dev: false

  /@graphql-tools/executor@0.0.18(graphql@16.6.0):
    resolution:
      {
        integrity: sha512-xZC0C+/npXoSHBB5bsJdwxDLgtl1Gu4fL9J2TPQmXoZC3L2N506KJoppf9LgWdHU/xK04luJrhP6WjhfkIN0pQ==,
      }
    peerDependencies:
      graphql: ^14.0.0 || ^15.0.0 || ^16.0.0 || ^17.0.0
    dependencies:
      "@graphql-tools/utils": 9.2.1(graphql@16.6.0)
      "@graphql-typed-document-node/core": 3.2.0(graphql@16.6.0)
      "@repeaterjs/repeater": 3.0.4
      graphql: 16.6.0
      tslib: 2.5.3
      value-or-promise: 1.0.12
    dev: false

  /@graphql-tools/executor@1.1.0(graphql@16.6.0):
    resolution:
      {
        integrity: sha512-+1wmnaUHETSYxiK/ELsT60x584Rw3QKBB7F/7fJ83HKPnLifmE2Dm/K9Eyt6L0Ppekf1jNUbWBpmBGb8P5hAeg==,
      }
    engines: { node: ">=16.0.0" }
    peerDependencies:
      graphql: ^14.0.0 || ^15.0.0 || ^16.0.0 || ^17.0.0
    dependencies:
      "@graphql-tools/utils": 10.0.1(graphql@16.6.0)
      "@graphql-typed-document-node/core": 3.2.0(graphql@16.6.0)
      "@repeaterjs/repeater": 3.0.4
      graphql: 16.6.0
      tslib: 2.5.3
      value-or-promise: 1.0.12
    dev: false

  /@graphql-tools/merge@8.4.2(graphql@16.6.0):
    resolution:
      {
        integrity: sha512-XbrHAaj8yDuINph+sAfuq3QCZ/tKblrTLOpirK0+CAgNlZUCHs0Fa+xtMUURgwCVThLle1AF7svJCxFizygLsw==,
      }
    peerDependencies:
      graphql: ^14.0.0 || ^15.0.0 || ^16.0.0 || ^17.0.0
    dependencies:
      "@graphql-tools/utils": 9.2.1(graphql@16.6.0)
      graphql: 16.6.0
      tslib: 2.5.3
    dev: false

  /@graphql-tools/merge@9.0.0(graphql@16.6.0):
    resolution:
      {
        integrity: sha512-J7/xqjkGTTwOJmaJQJ2C+VDBDOWJL3lKrHJN4yMaRLAJH3PosB7GiPRaSDZdErs0+F77sH2MKs2haMMkywzx7Q==,
      }
    engines: { node: ">=16.0.0" }
    peerDependencies:
      graphql: ^14.0.0 || ^15.0.0 || ^16.0.0 || ^17.0.0
    dependencies:
      "@graphql-tools/utils": 10.0.1(graphql@16.6.0)
      graphql: 16.6.0
      tslib: 2.5.3
    dev: false

  /@graphql-tools/schema@10.0.0(graphql@16.6.0):
    resolution:
      {
        integrity: sha512-kf3qOXMFcMs2f/S8Y3A8fm/2w+GaHAkfr3Gnhh2LOug/JgpY/ywgFVxO3jOeSpSEdoYcDKLcXVjMigNbY4AdQg==,
      }
    engines: { node: ">=16.0.0" }
    peerDependencies:
      graphql: ^14.0.0 || ^15.0.0 || ^16.0.0 || ^17.0.0
    dependencies:
      "@graphql-tools/merge": 9.0.0(graphql@16.6.0)
      "@graphql-tools/utils": 10.0.1(graphql@16.6.0)
      graphql: 16.6.0
      tslib: 2.5.3
      value-or-promise: 1.0.12
    dev: false

  /@graphql-tools/schema@9.0.19(graphql@16.6.0):
    resolution:
      {
        integrity: sha512-oBRPoNBtCkk0zbUsyP4GaIzCt8C0aCI4ycIRUL67KK5pOHljKLBBtGT+Jr6hkzA74C8Gco8bpZPe7aWFjiaK2w==,
      }
    peerDependencies:
      graphql: ^14.0.0 || ^15.0.0 || ^16.0.0 || ^17.0.0
    dependencies:
      "@graphql-tools/merge": 8.4.2(graphql@16.6.0)
      "@graphql-tools/utils": 9.2.1(graphql@16.6.0)
      graphql: 16.6.0
      tslib: 2.5.3
      value-or-promise: 1.0.12
    dev: false

  /@graphql-tools/utils@10.0.1(graphql@16.6.0):
    resolution:
      {
        integrity: sha512-i1FozbDGHgdsFA47V/JvQZ0FE8NAy0Eiz7HGCJO2MkNdZAKNnwei66gOq0JWYVFztwpwbVQ09GkKhq7Kjcq5Cw==,
      }
    engines: { node: ">=16.0.0" }
    peerDependencies:
      graphql: ^14.0.0 || ^15.0.0 || ^16.0.0 || ^17.0.0
    dependencies:
      "@graphql-typed-document-node/core": 3.2.0(graphql@16.6.0)
      graphql: 16.6.0
      tslib: 2.5.3
    dev: false

  /@graphql-tools/utils@9.2.1(graphql@16.6.0):
    resolution:
      {
        integrity: sha512-WUw506Ql6xzmOORlriNrD6Ugx+HjVgYxt9KCXD9mHAak+eaXSwuGGPyE60hy9xaDEoXKBsG7SkG69ybitaVl6A==,
      }
    peerDependencies:
      graphql: ^14.0.0 || ^15.0.0 || ^16.0.0 || ^17.0.0
    dependencies:
      "@graphql-typed-document-node/core": 3.2.0(graphql@16.6.0)
      graphql: 16.6.0
      tslib: 2.5.3
    dev: false

  /@graphql-typed-document-node/core@3.2.0(graphql@16.6.0):
    resolution:
      {
        integrity: sha512-mB9oAsNCm9aM3/SOv4YtBMqZbYj10R7dkq8byBqxGY/ncFwhf2oQzMV+LCRlWoDSEBJ3COiR1yeDvMtsoOsuFQ==,
      }
    peerDependencies:
      graphql: ^0.8.0 || ^0.9.0 || ^0.10.0 || ^0.11.0 || ^0.12.0 || ^0.13.0 || ^14.0.0 || ^15.0.0 || ^16.0.0 || ^17.0.0
    dependencies:
      graphql: 16.6.0
    dev: false

  /@graphql-yoga/logger@0.0.1:
    resolution:
      {
        integrity: sha512-6npFz7eZz33mXgSm1waBLMjUNG0D5hTc/p5Hcs1mojkT3KsLpCOFokzTEKboNsBhKevYcaVa/xeA7WBj4UYMLg==,
      }
    dependencies:
      tslib: 2.5.3
    dev: false

  /@graphql-yoga/logger@1.0.0:
    resolution:
      {
        integrity: sha512-JYoxwnPggH2BfO+dWlWZkDeFhyFZqaTRGLvFhy+Pjp2UxitEW6nDrw+pEDw/K9tJwMjIFMmTT9VfTqrnESmBHg==,
      }
    engines: { node: ">=16.0.0" }
    dependencies:
      tslib: 2.5.3
    dev: false

  /@graphql-yoga/node@3.9.1(graphql@16.6.0):
    resolution:
      {
        integrity: sha512-+VIvnVipFo1iDFtayng/AANT1XrdixdScpaMxN/aokGPW3N3NMlpOjClxjQSQhlMlvdCWdtafjbAdstYcyY1sA==,
      }
    peerDependencies:
      graphql: ^15.2.0 || ^16.0.0
    dependencies:
      graphql: 16.6.0
      graphql-yoga: 3.9.1(graphql@16.6.0)
      tslib: 2.5.3
    dev: false

  /@graphql-yoga/subscription@3.1.0:
    resolution:
      {
        integrity: sha512-Vc9lh8KzIHyS3n4jBlCbz7zCjcbtQnOBpsymcRvHhFr2cuH+knmRn0EmzimMQ58jQ8kxoRXXC3KJS3RIxSdPIg==,
      }
    dependencies:
      "@graphql-yoga/typed-event-target": 1.0.0
      "@repeaterjs/repeater": 3.0.4
      "@whatwg-node/events": 0.0.2
      tslib: 2.5.3
    dev: false

  /@graphql-yoga/subscription@4.0.0:
    resolution:
      {
        integrity: sha512-0qsN/BPPZNMoC2CZ8i+P6PgiJyHh1H35aKDt37qARBDaIOKDQuvEOq7+4txUKElcmXi7DYFo109FkhSQoEajrg==,
      }
    engines: { node: ">=16.0.0" }
    dependencies:
      "@graphql-yoga/typed-event-target": 2.0.0
      "@repeaterjs/repeater": 3.0.4
      "@whatwg-node/events": 0.1.1
      tslib: 2.5.3
    dev: false

  /@graphql-yoga/typed-event-target@1.0.0:
    resolution:
      {
        integrity: sha512-Mqni6AEvl3VbpMtKw+TIjc9qS9a8hKhiAjFtqX488yq5oJtj9TkNlFTIacAVS3vnPiswNsmDiQqvwUOcJgi1DA==,
      }
    dependencies:
      "@repeaterjs/repeater": 3.0.4
      tslib: 2.5.3
    dev: false

  /@graphql-yoga/typed-event-target@2.0.0:
    resolution:
      {
        integrity: sha512-oA/VGxGmaSDym1glOHrltw43qZsFwLLjBwvh57B79UKX/vo3+UQcRgOyE44c5RP7DCYjkrC2tuArZmb6jCzysw==,
      }
    engines: { node: ">=16.0.0" }
    dependencies:
      "@repeaterjs/repeater": 3.0.4
      tslib: 2.5.3
    dev: false

  /@peculiar/asn1-schema@2.3.6:
    resolution:
      {
        integrity: sha512-izNRxPoaeJeg/AyH8hER6s+H7p4itk+03QCa4sbxI3lNdseQYCuxzgsuNK8bTXChtLTjpJz6NmXKA73qLa3rCA==,
      }
    dependencies:
      asn1js: 3.0.5
      pvtsutils: 1.3.2
      tslib: 2.5.3
    dev: false

  /@peculiar/json-schema@1.1.12:
    resolution:
      {
        integrity: sha512-coUfuoMeIB7B8/NMekxaDzLhaYmp0HZNPEjYRm9goRou8UZIC3z21s0sL9AWoCw4EG876QyO3kYrc61WNF9B/w==,
      }
    engines: { node: ">=8.0.0" }
    dependencies:
      tslib: 2.5.3
    dev: false

  /@peculiar/webcrypto@1.4.3:
    resolution:
      {
        integrity: sha512-VtaY4spKTdN5LjJ04im/d/joXuvLbQdgy5Z4DXF4MFZhQ+MTrejbNMkfZBp1Bs3O5+bFqnJgyGdPuZQflvIa5A==,
      }
    engines: { node: ">=10.12.0" }
    dependencies:
      "@peculiar/asn1-schema": 2.3.6
      "@peculiar/json-schema": 1.1.12
      pvtsutils: 1.3.2
      tslib: 2.5.3
      webcrypto-core: 1.7.7
    dev: false

  /@pothos/core@3.30.0(graphql@16.6.0):
    resolution:
      {
        integrity: sha512-ZUL2YTv3ODeKBkhkVcEO03lcERdqQaG2zfylNpkrY9ryAIhOuN9Pbo+VnfqhqEQx7jM/56Rro7i9AuhzF0Q3tA==,
      }
    peerDependencies:
      graphql: ">=15.1.0"
    dependencies:
      graphql: 16.6.0
    dev: false

  /@pothos/plugin-prisma@3.52.0(@pothos/core@3.30.0)(@prisma/client@4.15.0)(graphql@16.6.0)(typescript@5.1.3):
    resolution:
      {
        integrity: sha512-VTh5rj4ddj8XCnoA5OQWyrxFECYir1afDj71raZFdB7usnoHvCntluODPD/z8nSs1lQ4p3AAiJZ1NsS0gBNdjA==,
      }
    hasBin: true
    peerDependencies:
      "@pothos/core": "*"
      "@prisma/client": "*"
      graphql: ">=15.1.0"
      typescript: ">=4.7.2"
    dependencies:
      "@pothos/core": 3.30.0(graphql@16.6.0)
      "@prisma/client": 4.15.0(prisma@4.15.0)
      "@prisma/generator-helper": 4.15.0
      graphql: 16.6.0
      typescript: 5.1.3
    transitivePeerDependencies:
      - supports-color
    dev: false

  /@prisma/client@4.15.0(prisma@4.15.0):
    resolution:
      {
        integrity: sha512-xnROvyABcGiwqRNdrObHVZkD9EjkJYHOmVdlKy1yGgI+XOzvMzJ4tRg3dz1pUlsyhKxXGCnjIQjWW+2ur+YXuw==,
      }
    engines: { node: ">=14.17" }
    requiresBuild: true
    peerDependencies:
      prisma: "*"
    peerDependenciesMeta:
      prisma:
        optional: true
    dependencies:
      "@prisma/engines-version": 4.15.0-28.8fbc245156db7124f997f4cecdd8d1219e360944
      prisma: 4.15.0
    dev: false

  /@prisma/debug@4.15.0:
    resolution:
      {
        integrity: sha512-dkbPz+gOVlWDBAaOEseSpAUz9NppT38UlwdryPyrwct6OClLirNC7wH+TpAQk5OZp9x59hNnfDz+T7XvL1v0/Q==,
      }
    dependencies:
      "@types/debug": 4.1.8
      debug: 4.3.4
      strip-ansi: 6.0.1
    transitivePeerDependencies:
      - supports-color
    dev: false

  /@prisma/engines-version@4.15.0-28.8fbc245156db7124f997f4cecdd8d1219e360944:
    resolution:
      {
        integrity: sha512-sVOig4tjGxxlYaFcXgE71f/rtFhzyYrfyfNFUsxCIEJyVKU9rdOWIlIwQ2NQ7PntvGnn+x0XuFo4OC1jvPJKzg==,
      }
    dev: false

  /@prisma/engines@4.15.0:
    resolution:
      {
        integrity: sha512-FTaOCGs0LL0OW68juZlGxFtYviZa4xdQj/rQEdat2txw0s3Vu/saAPKjNVXfIgUsGXmQ72HPgNr6935/P8FNAA==,
      }
    requiresBuild: true

  /@prisma/generator-helper@4.15.0:
    resolution:
      {
        integrity: sha512-JVHNgXr0LrcqXqmFrs+BzxfyRL6cFD5GLTMVWfCLU7kqSJdWuZxfoZW995tg6mOXnBgPTf6Ocv3RY4RLQq8k4g==,
      }
    dependencies:
      "@prisma/debug": 4.15.0
      "@types/cross-spawn": 6.0.2
      cross-spawn: 7.0.3
      kleur: 4.1.5
    transitivePeerDependencies:
      - supports-color
    dev: false

  /@repeaterjs/repeater@3.0.4:
    resolution:
      {
        integrity: sha512-AW8PKd6iX3vAZ0vA43nOUOnbq/X5ihgU+mSXXqunMkeQADGiqw/PY0JNeYtD5sr0PAy51YPgAPbDoeapv9r8WA==,
      }
    dev: false

  /@tsconfig/esm@1.0.3:
    resolution:
      {
        integrity: sha512-Gp56rIc3R8ab032nXMUitmc7YIb4nAi8DQ6Qt47tuL0Ssn9LIOm+o2FQmqPu3jX4z0TsqgzWwkmVygxcq+yHYg==,
      }
    dev: true

  /@tsconfig/node-lts@18.12.2:
    resolution:
      {
        integrity: sha512-1zbWpsZkChnemJsRm+G2EyjuPueNPkjBEfp08ET1uCv0CUL/5AK1IZvFtEsw7ZyEqojIydye3mwt6k8isULj4A==,
      }
    dev: true

  /@tsconfig/strictest@2.0.1:
    resolution:
      {
        integrity: sha512-7JHHCbyCsGUxLd0pDbp24yz3zjxw2t673W5oAP6HCEdr/UUhaRhYd3SSnUsGCk+VnPVJVA4mXROzbhI+nyIk+w==,
      }
    dev: true

  /@types/cross-spawn@6.0.2:
    resolution:
      {
        integrity: sha512-KuwNhp3eza+Rhu8IFI5HUXRP0LIhqH5cAjubUvGXXthh4YYBuP2ntwEX+Cz8GJoZUHlKo247wPWOfA9LYEq4cw==,
      }
    dependencies:
      "@types/node": 20.3.0
    dev: false

  /@types/debug@4.1.8:
    resolution:
      {
        integrity: sha512-/vPO1EPOs306Cvhwv7KfVfYvOJqA/S/AXjaHQiJboCZzcNDb+TIJFN9/2C9DZ//ijSKWioNyUxD792QmDJ+HKQ==,
      }
    dependencies:
      "@types/ms": 0.7.31
    dev: false

  /@types/ms@0.7.31:
    resolution:
      {
        integrity: sha512-iiUgKzV9AuaEkZqkOLDIvlQiL6ltuZd9tGcW3gwpnX8JbuiuhFlEGmmFXEXkN50Cvq7Os88IY2v0dkDqXYWVgA==,
      }
    dev: false

  /@types/node@20.3.0:
    resolution:
      {
        integrity: sha512-cumHmIAf6On83X7yP+LrsEyUOf/YlociZelmpRYaGFydoaPdxdt80MAbu6vWerQT2COCp2nPvHdsbD7tHn/YlQ==,
      }

  /@whatwg-node/events@0.0.2:
    resolution:
      {
        integrity: sha512-WKj/lI4QjnLuPrim0cfO7i+HsDSXHxNv1y0CrJhdntuO3hxWZmnXCwNDnwOvry11OjRin6cgWNF+j/9Pn8TN4w==,
      }
    dev: false

  /@whatwg-node/events@0.0.3:
    resolution:
      {
        integrity: sha512-IqnKIDWfXBJkvy/k6tzskWTc2NK3LcqHlb+KHGCrjOCH4jfQckRX0NAiIcC/vIqQkzLYw2r2CTSwAxcrtcD6lA==,
      }
    dev: false

  /@whatwg-node/events@0.1.1:
    resolution:
      {
        integrity: sha512-AyQEn5hIPV7Ze+xFoXVU3QTHXVbWPrzaOkxtENMPMuNL6VVHrp4hHfDt9nrQpjO7BgvuM95dMtkycX5M/DZR3w==,
      }
    engines: { node: ">=16.0.0" }
    dev: false

  /@whatwg-node/fetch@0.8.8:
    resolution:
      {
        integrity: sha512-CdcjGC2vdKhc13KKxgsc6/616BQ7ooDIgPeTuAiE8qfCnS0mGzcfCOoZXypQSz73nxI+GWc7ZReIAVhxoE1KCg==,
      }
    dependencies:
      "@peculiar/webcrypto": 1.4.3
      "@whatwg-node/node-fetch": 0.3.6
      busboy: 1.6.0
      urlpattern-polyfill: 8.0.2
      web-streams-polyfill: 3.2.1
    dev: false

  /@whatwg-node/fetch@0.9.4:
    resolution:
      {
        integrity: sha512-nR0nZeOCy4M4ep/nwuGdQxRlOrHqmA5M3t+laOAsPEwwnpoTmA4DSuopyD5Dqk7+sFaOiX328HeGhvwj4HHdng==,
      }
    engines: { node: ">=16.0.0" }
    dependencies:
      "@whatwg-node/node-fetch": 0.4.3
      urlpattern-polyfill: 9.0.0
    dev: false

  /@whatwg-node/node-fetch@0.3.6:
    resolution:
      {
        integrity: sha512-w9wKgDO4C95qnXZRwZTfCmLWqyRnooGjcIwG0wADWjw9/HN0p7dtvtgSvItZtUyNteEvgTrd8QojNEqV6DAGTA==,
      }
    dependencies:
      "@whatwg-node/events": 0.0.3
      busboy: 1.6.0
      fast-querystring: 1.1.2
      fast-url-parser: 1.1.3
      tslib: 2.5.3
    dev: false

  /@whatwg-node/node-fetch@0.4.3:
    resolution:
      {
        integrity: sha512-C+nki+rxOM4mEfQwxohx4QXlPV96oQfQNFR94/3jp125vh+UW/r0CAG/ELUFQSJIcSFAQJarq+mZGiv46Jg7ag==,
      }
    engines: { node: ">=16.0.0" }
    dependencies:
      "@whatwg-node/events": 0.1.1
      busboy: 1.6.0
      fast-querystring: 1.1.2
      fast-url-parser: 1.1.3
      tslib: 2.5.3
    dev: false

  /@whatwg-node/server@0.7.7:
    resolution:
      {
        integrity: sha512-aHURgNDFm/48WVV3vhTMfnEKCYwYgdaRdRhZsQZx4UVFjGGkGay7Ys0+AYu9QT/jpoImv2oONkstoTMUprDofg==,
      }
    dependencies:
      "@whatwg-node/fetch": 0.8.8
      tslib: 2.5.3
    dev: false

  /@whatwg-node/server@0.8.7:
    resolution:
      {
        integrity: sha512-pxopuoWn9n58eHrhwkApgtqI3oALezOzq4iwv5JKHYjAOo5SQ9tH+V2d4/lW4wRcAaZxcbYSyjXBHE/ztxHXnA==,
      }
    engines: { node: ">=16.0.0" }
    dependencies:
      "@whatwg-node/fetch": 0.9.4
      tslib: 2.5.3
    dev: false

  /ansi-regex@5.0.1:
    resolution:
      {
        integrity: sha512-quJQXlTSUGL2LH9SUXo8VwsY4soanhgo6LNSm84E1LBcE8s3O0wpdiRzyR9z/ZZJMlMWv37qOOb9pdJlMUEKFQ==,
      }
    engines: { node: ">=8" }
    dev: false

  /asn1js@3.0.5:
    resolution:
      {
        integrity: sha512-FVnvrKJwpt9LP2lAMl8qZswRNm3T4q9CON+bxldk2iwk3FFpuwhx2FfinyitizWHsVYyaY+y5JzDR0rCMV5yTQ==,
      }
    engines: { node: ">=12.0.0" }
    dependencies:
      pvtsutils: 1.3.2
      pvutils: 1.1.3
      tslib: 2.5.3
    dev: false

  /busboy@1.6.0:
    resolution:
      {
        integrity: sha512-8SFQbg/0hQ9xy3UNTB0YEnsNBbWfhf7RtnzpL7TkBiTBRfrQ9Fxcnz7VJsleJpyp6rVLvXiuORqjlHi5q+PYuA==,
      }
    engines: { node: ">=10.16.0" }
    dependencies:
      streamsearch: 1.1.0
    dev: false

  /cross-spawn@7.0.3:
    resolution:
      {
        integrity: sha512-iRDPJKUPVEND7dHPO8rkbOnPpyDygcDFtWjpeWNCgy8WP2rXcxXL8TskReQl6OrB2G7+UJrags1q15Fudc7G6w==,
      }
    engines: { node: ">= 8" }
    dependencies:
      path-key: 3.1.1
      shebang-command: 2.0.0
      which: 2.0.2

  /debug@4.3.4:
    resolution:
      {
        integrity: sha512-PRWFHuSU3eDtQJPvnNY7Jcket1j0t5OuOsFzPPzsekD52Zl8qUfFIPEiswXqIvHWGVHOgX+7G/vCNNhehwxfkQ==,
      }
    engines: { node: ">=6.0" }
    peerDependencies:
      supports-color: "*"
    peerDependenciesMeta:
      supports-color:
        optional: true
    dependencies:
      ms: 2.1.2
    dev: false

  /dset@3.1.2:
    resolution:
      {
        integrity: sha512-g/M9sqy3oHe477Ar4voQxWtaPIFw1jTdKZuomOjhCcBx9nHUNn0pu6NopuFFrTh/TRZIKEj+76vLWFu9BNKk+Q==,
      }
    engines: { node: ">=4" }
    dev: false

  /duplexer@0.1.2:
    resolution:
      {
        integrity: sha512-jtD6YG370ZCIi/9GTaJKQxWTZD045+4R4hTk/x1UyoqadyJ9x9CgSi1RlVDQF8U2sxLLSnFkCaMihqljHIWgMg==,
      }
    dev: true

  /event-stream@3.3.4:
    resolution:
      {
        integrity: sha512-QHpkERcGsR0T7Qm3HNJSyXKEEj8AHNxkY3PK8TS2KJvQ7NiSHe3DDpwVKKtoYprL/AreyzFBeIkBIWChAqn60g==,
      }
    dependencies:
      duplexer: 0.1.2
      from: 0.1.7
      map-stream: 0.1.0
      pause-stream: 0.0.11
      split: 0.3.3
      stream-combiner: 0.0.4
      through: 2.3.8
    dev: true

  /fast-decode-uri-component@1.0.1:
    resolution:
      {
        integrity: sha512-WKgKWg5eUxvRZGwW8FvfbaH7AXSh2cL+3j5fMGzUMCxWBJ3dV3a7Wz8y2f/uQ0e3B6WmodD3oS54jTQ9HVTIIg==,
      }
    dev: false

  /fast-querystring@1.1.2:
    resolution:
      {
        integrity: sha512-g6KuKWmFXc0fID8WWH0jit4g0AGBoJhCkJMb1RmbsSEUNvQ+ZC8D6CUZ+GtF8nMzSPXnhiePyyqqipzNNEnHjg==,
      }
    dependencies:
      fast-decode-uri-component: 1.0.1
    dev: false

  /fast-url-parser@1.1.3:
    resolution:
      {
        integrity: sha512-5jOCVXADYNuRkKFzNJ0dCCewsZiYo0dz8QNYljkOpFC6r2U4OBmKtvm/Tsuh4w1YYdDqDb31a8TVhBJ2OJKdqQ==,
      }
    dependencies:
      punycode: 1.4.1
    dev: false

  /from@0.1.7:
    resolution:
      {
        integrity: sha512-twe20eF1OxVxp/ML/kq2p1uc6KvFK/+vs8WjEbeKmV2He22MKm7YF2ANIt+EOqhJ5L3K/SuuPhk0hWQDjOM23g==,
      }
    dev: true

  /graphql-scalars@1.22.2(graphql@16.6.0):
    resolution:
      {
        integrity: sha512-my9FB4GtghqXqi/lWSVAOPiTzTnnEzdOXCsAC2bb5V7EFNQjVjwy3cSSbUvgYOtDuDibd+ZsCDhz+4eykYOlhQ==,
      }
    engines: { node: ">=10" }
    peerDependencies:
      graphql: ^0.8.0 || ^0.9.0 || ^0.10.0 || ^0.11.0 || ^0.12.0 || ^0.13.0 || ^14.0.0 || ^15.0.0 || ^16.0.0
    dependencies:
      graphql: 16.6.0
      tslib: 2.5.3
    dev: false

  /graphql-yoga@3.9.1(graphql@16.6.0):
    resolution:
      {
        integrity: sha512-BB6EkN64VBTXWmf9Kym2OsVZFzBC0mAsQNo9eNB5xIr3t+x7qepQ34xW5A353NWol3Js3xpzxwIKFVF6l9VsPg==,
      }
    peerDependencies:
      graphql: ^15.2.0 || ^16.0.0
    dependencies:
      "@envelop/core": 3.0.6
      "@envelop/validation-cache": 5.1.3(@envelop/core@3.0.6)(graphql@16.6.0)
      "@graphql-tools/executor": 0.0.18(graphql@16.6.0)
      "@graphql-tools/schema": 9.0.19(graphql@16.6.0)
      "@graphql-tools/utils": 9.2.1(graphql@16.6.0)
      "@graphql-yoga/logger": 0.0.1
      "@graphql-yoga/subscription": 3.1.0
      "@whatwg-node/fetch": 0.8.8
      "@whatwg-node/server": 0.7.7
      dset: 3.1.2
      graphql: 16.6.0
      lru-cache: 7.18.3
      tslib: 2.5.3
    dev: false

  /graphql-yoga@4.0.0(graphql@16.6.0):
    resolution:
      {
        integrity: sha512-xsuokjfm2mcc3+XDk3x3ilMw8Ztm5ADkdFxWovpjBZOpaTbOPWrOKf2tAGEFbBZq+xb6+g1wSaBRcu30DLCA+Q==,
      }
    engines: { node: ">=16.0.0" }
    peerDependencies:
      graphql: ^15.2.0 || ^16.0.0
    dependencies:
      "@envelop/core": 4.0.0
      "@graphql-tools/executor": 1.1.0(graphql@16.6.0)
      "@graphql-tools/schema": 10.0.0(graphql@16.6.0)
      "@graphql-tools/utils": 10.0.1(graphql@16.6.0)
      "@graphql-yoga/logger": 1.0.0
      "@graphql-yoga/subscription": 4.0.0
      "@whatwg-node/fetch": 0.9.4
      "@whatwg-node/server": 0.8.7
      dset: 3.1.2
      graphql: 16.6.0
      lru-cache: 9.1.2
      tslib: 2.5.3
    dev: false

  /graphql@16.6.0:
    resolution:
      {
        integrity: sha512-KPIBPDlW7NxrbT/eh4qPXz5FiFdL5UbaA0XUNz2Rp3Z3hqBSkbj0GVjwFDztsWVauZUWsbKHgMg++sk8UX0bkw==,
      }
    engines: { node: ^12.22.0 || ^14.16.0 || ^16.0.0 || >=17.0.0 }
    dev: false

  /hash-it@6.0.0:
    resolution:
      {
        integrity: sha512-KHzmSFx1KwyMPw0kXeeUD752q/Kfbzhy6dAZrjXV9kAIXGqzGvv8vhkUqj+2MGZldTo0IBpw6v7iWE7uxsvH0w==,
      }
    dev: false

  /isexe@2.0.0:
    resolution:
      {
        integrity: sha512-RHxMLp9lnKHGHRng9QFhRCMbYAcVpn69smSGcq3f36xjgVVWThj4qqLbTLlq7Ssj8B+fIQ1EuCEGI2lKsyQeIw==,
      }

  /kleur@4.1.5:
    resolution:
      {
        integrity: sha512-o+NO+8WrRiQEE4/7nwRJhN1HWpVmJm511pBHUxPLtp0BUISzlBplORYSmTclCnJvQq2tKu/sgl3xVpkc7ZWuQQ==,
      }
    engines: { node: ">=6" }
    dev: false

  /lru-cache@6.0.0:
    resolution:
      {
        integrity: sha512-Jo6dJ04CmSjuznwJSS3pUeWmd/H0ffTlkXXgwZi+eq1UCmqQwCh+eLsYOYCwY991i2Fah4h1BEMCx4qThGbsiA==,
      }
    engines: { node: ">=10" }
    dependencies:
      yallist: 4.0.0
    dev: false

  /lru-cache@7.18.3:
    resolution:
      {
        integrity: sha512-jumlc0BIUrS3qJGgIkWZsyfAM7NCWiBcCDhnd+3NNM5KbBmLTgHVfWBcg6W+rLUsIpzpERPsvwUP7CckAQSOoA==,
      }
    engines: { node: ">=12" }
    dev: false

  /lru-cache@9.1.2:
    resolution:
      {
        integrity: sha512-ERJq3FOzJTxBbFjZ7iDs+NiK4VI9Wz+RdrrAB8dio1oV+YvdPzUEE4QNiT2VD51DkIbCYRUUzCRkssXCHqSnKQ==,
      }
    engines: { node: 14 || >=16.14 }
    dev: false

  /map-stream@0.1.0:
    resolution:
      {
        integrity: sha512-CkYQrPYZfWnu/DAmVCpTSX/xHpKZ80eKh2lAkyA6AJTef6bW+6JpbQZN5rofum7da+SyN1bi5ctTm+lTfcCW3g==,
      }
    dev: true

  /ms@2.1.2:
    resolution:
      {
        integrity: sha512-sGkPx+VjMtmA6MX27oA4FBFELFCZZ4S4XqeGOXCv68tT+jb3vk/RyaKWP0PTKyWtmLSM0b+adUTEvbs1PEaH2w==,
      }
    dev: false

  /node-cleanup@2.1.2:
    resolution:
      {
        integrity: sha512-qN8v/s2PAJwGUtr1/hYTpNKlD6Y9rc4p8KSmJXyGdYGZsDGKXrGThikLFP9OCHFeLeEpQzPwiAtdIvBLqm//Hw==,
      }
    dev: true

  /path-key@3.1.1:
    resolution:
      {
        integrity: sha512-ojmeN0qd+y0jszEtoY48r0Peq5dwMEkIlCOu6Q5f41lfkswXuKtYrhgoTpLnyIcHm24Uhqx+5Tqm2InSwLhE6Q==,
      }
    engines: { node: ">=8" }

  /pause-stream@0.0.11:
    resolution:
      {
        integrity: sha512-e3FBlXLmN/D1S+zHzanP4E/4Z60oFAa3O051qt1pxa7DEJWKAyil6upYVXCWadEnuoqa4Pkc9oUx9zsxYeRv8A==,
      }
    dependencies:
      through: 2.3.8
    dev: true

  /prisma@4.15.0:
    resolution:
      {
        integrity: sha512-iKZZpobPl48gTcSZVawLMQ3lEy6BnXwtoMj7hluoGFYu2kQ6F9LBuBrUyF95zRVnNo8/3KzLXJXJ5TEnLSJFiA==,
      }
    engines: { node: ">=14.17" }
    hasBin: true
    requiresBuild: true
    dependencies:
      "@prisma/engines": 4.15.0

  /ps-tree@1.2.0:
    resolution:
      {
        integrity: sha512-0VnamPPYHl4uaU/nSFeZZpR21QAWRz+sRv4iW9+v/GS/J5U5iZB5BNN6J0RMoOvdx2gWM2+ZFMIm58q24e4UYA==,
      }
    engines: { node: ">= 0.10" }
    hasBin: true
    dependencies:
      event-stream: 3.3.4
    dev: true

  /punycode@1.4.1:
    resolution:
      {
        integrity: sha512-jmYNElW7yvO7TV33CjSmvSiE2yco3bV2czu/OzDKdMNVZQWfxCblURLhf+47syQRBntjfLdd/H0egrzIG+oaFQ==,
      }
    dev: false

  /pvtsutils@1.3.2:
    resolution:
      {
        integrity: sha512-+Ipe2iNUyrZz+8K/2IOo+kKikdtfhRKzNpQbruF2URmqPtoqAs8g3xS7TJvFF2GcPXjh7DkqMnpVveRFq4PgEQ==,
      }
    dependencies:
      tslib: 2.5.3
    dev: false

  /pvutils@1.1.3:
    resolution:
      {
        integrity: sha512-pMpnA0qRdFp32b1sJl1wOJNxZLQ2cbQx+k6tjNtZ8CpvVhNqEPRgivZ2WOUev2YMajecdH7ctUPDvEe87nariQ==,
      }
    engines: { node: ">=6.0.0" }
    dev: false

  /shebang-command@2.0.0:
    resolution:
      {
        integrity: sha512-kHxr2zZpYtdmrN1qDjrrX/Z1rR1kG8Dx+gkpK1G4eXmvXswmcE1hTWBWYUzlraYw1/yZp6YuDY77YtvbN0dmDA==,
      }
    engines: { node: ">=8" }
    dependencies:
      shebang-regex: 3.0.0

  /shebang-regex@3.0.0:
    resolution:
      {
        integrity: sha512-7++dFhtcx3353uBaq8DDR4NuxBetBzC7ZQOhmTQInHEd6bSrXdiEyzCvG07Z44UYdLShWUyXt5M/yhz8ekcb1A==,
      }
    engines: { node: ">=8" }

  /split@0.3.3:
    resolution:
      {
        integrity: sha512-wD2AeVmxXRBoX44wAycgjVpMhvbwdI2aZjCkvfNcH1YqHQvJVa1duWc73OyVGJUc05fhFaTZeQ/PYsrmyH0JVA==,
      }
    dependencies:
      through: 2.3.8
    dev: true

  /stream-combiner@0.0.4:
    resolution:
      {
        integrity: sha512-rT00SPnTVyRsaSz5zgSPma/aHSOic5U1prhYdRy5HS2kTZviFpmDgzilbtsJsxiroqACmayynDN/9VzIbX5DOw==,
      }
    dependencies:
      duplexer: 0.1.2
    dev: true

  /streamsearch@1.1.0:
    resolution:
      {
        integrity: sha512-Mcc5wHehp9aXz1ax6bZUyY5afg9u2rv5cqQI3mRrYkGC8rW2hM02jWuwjtL++LS5qinSyhj2QfLyNsuc+VsExg==,
      }
    engines: { node: ">=10.0.0" }
    dev: false

  /string-argv@0.3.2:
    resolution:
      {
        integrity: sha512-aqD2Q0144Z+/RqG52NeHEkZauTAUWJO8c6yTftGJKO3Tja5tUgIfmIl6kExvhtxSDP7fXB6DvzkfMpCd/F3G+Q==,
      }
    engines: { node: ">=0.6.19" }
    dev: true

  /strip-ansi@6.0.1:
    resolution:
      {
        integrity: sha512-Y38VPSHcqkFrCpFnQ9vuSXmquuv5oXOKpGeT6aGrr3o3Gc9AlVa6JBfUSOCnbxGGZF+/0ooI7KrPuUSztUdU5A==,
      }
    engines: { node: ">=8" }
    dependencies:
      ansi-regex: 5.0.1
    dev: false

  /through@2.3.8:
    resolution:
      {
        integrity: sha512-w89qg7PI8wAdvX60bMDP+bFoD5Dvhm9oLheFp5O4a2QF0cSBGsBX4qZmadPMvVqlLJBBci+WqGGOAPvcDeNSVg==,
      }
    dev: true

  /tsc-watch@6.0.4(typescript@5.1.3):
    resolution:
      {
        integrity: sha512-cHvbvhjO86w2aGlaHgSCeQRl+Aqw6X6XN4sQMPZKF88GoP30O+oTuh5lRIJr5pgFWrRpF1AgXnJJ2DoFEIPHyg==,
      }
    engines: { node: ">=12.12.0" }
    hasBin: true
    peerDependencies:
      typescript: "*"
    dependencies:
      cross-spawn: 7.0.3
      node-cleanup: 2.1.2
      ps-tree: 1.2.0
      string-argv: 0.3.2
      typescript: 5.1.3
    dev: true

  /tslib@2.5.3:
    resolution:
      {
        integrity: sha512-mSxlJJwl3BMEQCUNnxXBU9jP4JBktcEGhURcPR6VQVlnP0FdDEsIaz0C35dXNGLyRfrATNofF0F5p2KPxQgB+w==,
      }
    dev: false

  /typescript@5.1.3:
    resolution:
      {
        integrity: sha512-XH627E9vkeqhlZFQuL+UsyAXEnibT0kWR2FWONlr4sTjvxyJYnyefgrkyECLzM5NenmKzRAy2rR/OlYLA1HkZw==,
      }
    engines: { node: ">=14.17" }
    hasBin: true

  /urlpattern-polyfill@8.0.2:
    resolution:
      {
        integrity: sha512-Qp95D4TPJl1kC9SKigDcqgyM2VDVO4RiJc2d4qe5GrYm+zbIQCWWKAFaJNQ4BhdFeDGwBmAxqJBwWSJDb9T3BQ==,
      }
    dev: false

  /urlpattern-polyfill@9.0.0:
    resolution:
      {
        integrity: sha512-WHN8KDQblxd32odxeIgo83rdVDE2bvdkb86it7bMhYZwWKJz0+O0RK/eZiHYnM+zgt/U7hAHOlCQGfjjvSkw2g==,
      }
    dev: false

  /value-or-promise@1.0.12:
    resolution:
      {
        integrity: sha512-Z6Uz+TYwEqE7ZN50gwn+1LCVo9ZVrpxRPOhOLnncYkY1ZzOYtrX8Fwf/rFktZ8R5mJms6EZf5TqNOMeZmnPq9Q==,
      }
    engines: { node: ">=12" }
    dev: false

  /web-streams-polyfill@3.2.1:
    resolution:
      {
        integrity: sha512-e0MO3wdXWKrLbL0DgGnUV7WHVuw9OUvL4hjgnPkIeEvESk74gAITi5G606JtZPp39cd8HA9VQzCIvA49LpPN5Q==,
      }
    engines: { node: ">= 8" }
    dev: false

  /webcrypto-core@1.7.7:
    resolution:
      {
        integrity: sha512-7FjigXNsBfopEj+5DV2nhNpfic2vumtjjgPmeDKk45z+MJwXKKfhPB7118Pfzrmh4jqOMST6Ch37iPAHoImg5g==,
      }
    dependencies:
      "@peculiar/asn1-schema": 2.3.6
      "@peculiar/json-schema": 1.1.12
      asn1js: 3.0.5
      pvtsutils: 1.3.2
      tslib: 2.5.3
    dev: false

  /which@2.0.2:
    resolution:
      {
        integrity: sha512-BLI3Tl1TW3Pvl70l3yq3Y64i+awpwXqsGBYWkkqMtnbXgrMD+yj7rhW0kuEDxzJaYXGjEW5ogapKNMEKNMjibA==,
      }
    engines: { node: ">= 8" }
    hasBin: true
    dependencies:
      isexe: 2.0.0

  /yallist@4.0.0:
    resolution:
      {
        integrity: sha512-3wdGidZyq5PB084XLES5TpOSRA3wjXAlIWMhum2kRcv/41Sn2emQ0dycQW4uZXLejwKvg6EsvbdlVL+FYEct7A==,
      }
    dev: false
